// !$*UTF8*$!
{
	archiveVersion = 1;
	classes = {
	};
	objectVersion = 46;
	objects = {

/* Begin PBXBuildFile section */
		25DC95411A780F85006108B7 /* AppDelegate.m in Sources */ = {isa = PBXBuildFile; fileRef = 25DC95401A780F85006108B7 /* AppDelegate.m */; };
		25DC95431A780F85006108B7 /* main.m in Sources */ = {isa = PBXBuildFile; fileRef = 25DC95421A780F85006108B7 /* main.m */; };
		25DC95451A780F85006108B7 /* Images.xcassets in Resources */ = {isa = PBXBuildFile; fileRef = 25DC95441A780F85006108B7 /* Images.xcassets */; };
		25DC95481A780F85006108B7 /* MainMenu.xib in Resources */ = {isa = PBXBuildFile; fileRef = 25DC95461A780F85006108B7 /* MainMenu.xib */; };
		25DC95541A780F85006108B7 /* Import_AttendeesTests.m in Sources */ = {isa = PBXBuildFile; fileRef = 25DC95531A780F85006108B7 /* Import_AttendeesTests.m */; };
/* End PBXBuildFile section */

/* Begin PBXContainerItemProxy section */
		25DC954E1A780F85006108B7 /* PBXContainerItemProxy */ = {
			isa = PBXContainerItemProxy;
			containerPortal = 25DC95321A780F85006108B7 /* Project object */;
			proxyType = 1;
			remoteGlobalIDString = 25DC95391A780F85006108B7;
			remoteInfo = "Import Attendees";
		};
/* End PBXContainerItemProxy section */

/* Begin PBXFileReference section */
		25DC953A1A780F85006108B7 /* Import Attendees.app */ = {isa = PBXFileReference; explicitFileType = wrapper.application; includeInIndex = 0; path = "Import Attendees.app"; sourceTree = BUILT_PRODUCTS_DIR; };
		25DC953E1A780F85006108B7 /* Info.plist */ = {isa = PBXFileReference; lastKnownFileType = text.plist.xml; path = Info.plist; sourceTree = "<group>"; };
		25DC953F1A780F85006108B7 /* AppDelegate.h */ = {isa = PBXFileReference; lastKnownFileType = sourcecode.c.h; path = AppDelegate.h; sourceTree = "<group>"; };
		25DC95401A780F85006108B7 /* AppDelegate.m */ = {isa = PBXFileReference; lastKnownFileType = sourcecode.c.objc; path = AppDelegate.m; sourceTree = "<group>"; };
		25DC95421A780F85006108B7 /* main.m */ = {isa = PBXFileReference; lastKnownFileType = sourcecode.c.objc; path = main.m; sourceTree = "<group>"; };
		25DC95441A780F85006108B7 /* Images.xcassets */ = {isa = PBXFileReference; lastKnownFileType = folder.assetcatalog; path = Images.xcassets; sourceTree = "<group>"; };
		25DC95471A780F85006108B7 /* Base */ = {isa = PBXFileReference; lastKnownFileType = file.xib; name = Base; path = Base.lproj/MainMenu.xib; sourceTree = "<group>"; };
		25DC954D1A780F85006108B7 /* Import AttendeesTests.xctest */ = {isa = PBXFileReference; explicitFileType = wrapper.cfbundle; includeInIndex = 0; path = "Import AttendeesTests.xctest"; sourceTree = BUILT_PRODUCTS_DIR; };
		25DC95521A780F85006108B7 /* Info.plist */ = {isa = PBXFileReference; lastKnownFileType = text.plist.xml; path = Info.plist; sourceTree = "<group>"; };
		25DC95531A780F85006108B7 /* Import_AttendeesTests.m */ = {isa = PBXFileReference; lastKnownFileType = sourcecode.c.objc; path = Import_AttendeesTests.m; sourceTree = "<group>"; };
/* End PBXFileReference section */

/* Begin PBXFrameworksBuildPhase section */
		25DC95371A780F85006108B7 /* Frameworks */ = {
			isa = PBXFrameworksBuildPhase;
			buildActionMask = 2147483647;
			files = (
			);
			runOnlyForDeploymentPostprocessing = 0;
		};
		25DC954A1A780F85006108B7 /* Frameworks */ = {
			isa = PBXFrameworksBuildPhase;
			buildActionMask = 2147483647;
			files = (
			);
			runOnlyForDeploymentPostprocessing = 0;
		};
/* End PBXFrameworksBuildPhase section */

/* Begin PBXGroup section */
		25DC95311A780F85006108B7 = {
			isa = PBXGroup;
			children = (
				25DC953C1A780F85006108B7 /* Import Attendees */,
				25DC95501A780F85006108B7 /* Import AttendeesTests */,
				25DC953B1A780F85006108B7 /* Products */,
			);
			sourceTree = "<group>";
		};
		25DC953B1A780F85006108B7 /* Products */ = {
			isa = PBXGroup;
			children = (
				25DC953A1A780F85006108B7 /* Import Attendees.app */,
				25DC954D1A780F85006108B7 /* Import AttendeesTests.xctest */,
			);
			name = Products;
			sourceTree = "<group>";
		};
		25DC953C1A780F85006108B7 /* Import Attendees */ = {
			isa = PBXGroup;
			children = (
				25DC953F1A780F85006108B7 /* AppDelegate.h */,
				25DC95401A780F85006108B7 /* AppDelegate.m */,
				25DC95441A780F85006108B7 /* Images.xcassets */,
				25DC95461A780F85006108B7 /* MainMenu.xib */,
				25DC953D1A780F85006108B7 /* Supporting Files */,
			);
			path = "Import Attendees";
			sourceTree = "<group>";
		};
		25DC953D1A780F85006108B7 /* Supporting Files */ = {
			isa = PBXGroup;
			children = (
				25DC953E1A780F85006108B7 /* Info.plist */,
				25DC95421A780F85006108B7 /* main.m */,
			);
			name = "Supporting Files";
			sourceTree = "<group>";
		};
		25DC95501A780F85006108B7 /* Import AttendeesTests */ = {
			isa = PBXGroup;
			children = (
				25DC95531A780F85006108B7 /* Import_AttendeesTests.m */,
				25DC95511A780F85006108B7 /* Supporting Files */,
			);
			path = "Import AttendeesTests";
			sourceTree = "<group>";
		};
		25DC95511A780F85006108B7 /* Supporting Files */ = {
			isa = PBXGroup;
			children = (
				25DC95521A780F85006108B7 /* Info.plist */,
			);
			name = "Supporting Files";
			sourceTree = "<group>";
		};
/* End PBXGroup section */

/* Begin PBXNativeTarget section */
		25DC95391A780F85006108B7 /* Import Attendees */ = {
			isa = PBXNativeTarget;
			buildConfigurationList = 25DC95571A780F85006108B7 /* Build configuration list for PBXNativeTarget "Import Attendees" */;
			buildPhases = (
				25DC95361A780F85006108B7 /* Sources */,
				25DC95371A780F85006108B7 /* Frameworks */,
				25DC95381A780F85006108B7 /* Resources */,
			);
			buildRules = (
			);
			dependencies = (
			);
			name = "Import Attendees";
			productName = "Import Attendees";
			productReference = 25DC953A1A780F85006108B7 /* Import Attendees.app */;
			productType = "com.apple.product-type.application";
		};
		25DC954C1A780F85006108B7 /* Import AttendeesTests */ = {
			isa = PBXNativeTarget;
			buildConfigurationList = 25DC955A1A780F85006108B7 /* Build configuration list for PBXNativeTarget "Import AttendeesTests" */;
			buildPhases = (
				25DC95491A780F85006108B7 /* Sources */,
				25DC954A1A780F85006108B7 /* Frameworks */,
				25DC954B1A780F85006108B7 /* Resources */,
			);
			buildRules = (
			);
			dependencies = (
				25DC954F1A780F85006108B7 /* PBXTargetDependency */,
			);
			name = "Import AttendeesTests";
			productName = "Import AttendeesTests";
			productReference = 25DC954D1A780F85006108B7 /* Import AttendeesTests.xctest */;
			productType = "com.apple.product-type.bundle.unit-test";
		};
/* End PBXNativeTarget section */

/* Begin PBXProject section */
		25DC95321A780F85006108B7 /* Project object */ = {
			isa = PBXProject;
			attributes = {
				LastUpgradeCheck = 0610;
				ORGANIZATIONNAME = "Saif Tase";
				TargetAttributes = {
					25DC95391A780F85006108B7 = {
						CreatedOnToolsVersion = 6.1;
					};
					25DC954C1A780F85006108B7 = {
						CreatedOnToolsVersion = 6.1;
						TestTargetID = 25DC95391A780F85006108B7;
					};
				};
			};
			buildConfigurationList = 25DC95351A780F85006108B7 /* Build configuration list for PBXProject "Import Attendees" */;
			compatibilityVersion = "Xcode 3.2";
			developmentRegion = English;
			hasScannedForEncodings = 0;
			knownRegions = (
				en,
				Base,
			);
			mainGroup = 25DC95311A780F85006108B7;
			productRefGroup = 25DC953B1A780F85006108B7 /* Products */;
			projectDirPath = "";
			projectRoot = "";
			targets = (
				25DC95391A780F85006108B7 /* Import Attendees */,
				25DC954C1A780F85006108B7 /* Import AttendeesTests */,
			);
		};
/* End PBXProject section */

/* Begin PBXResourcesBuildPhase section */
		25DC95381A780F85006108B7 /* Resources */ = {
			isa = PBXResourcesBuildPhase;
			buildActionMask = 2147483647;
			files = (
				25DC95451A780F85006108B7 /* Images.xcassets in Resources */,
				25DC95481A780F85006108B7 /* MainMenu.xib in Resources */,
			);
			runOnlyForDeploymentPostprocessing = 0;
		};
		25DC954B1A780F85006108B7 /* Resources */ = {
			isa = PBXResourcesBuildPhase;
			buildActionMask = 2147483647;
			files = (
			);
			runOnlyForDeploymentPostprocessing = 0;
		};
/* End PBXResourcesBuildPhase section */

/* Begin PBXSourcesBuildPhase section */
		25DC95361A780F85006108B7 /* Sources */ = {
			isa = PBXSourcesBuildPhase;
			buildActionMask = 2147483647;
			files = (
				25DC95431A780F85006108B7 /* main.m in Sources */,
				25DC95411A780F85006108B7 /* AppDelegate.m in Sources */,
			);
			runOnlyForDeploymentPostprocessing = 0;
		};
		25DC95491A780F85006108B7 /* Sources */ = {
			isa = PBXSourcesBuildPhase;
			buildActionMask = 2147483647;
			files = (
				25DC95541A780F85006108B7 /* Import_AttendeesTests.m in Sources */,
			);
			runOnlyForDeploymentPostprocessing = 0;
		};
/* End PBXSourcesBuildPhase section */

/* Begin PBXTargetDependency section */
		25DC954F1A780F85006108B7 /* PBXTargetDependency */ = {
			isa = PBXTargetDependency;
			target = 25DC95391A780F85006108B7 /* Import Attendees */;
			targetProxy = 25DC954E1A780F85006108B7 /* PBXContainerItemProxy */;
		};
/* End PBXTargetDependency section */

/* Begin PBXVariantGroup section */
		25DC95461A780F85006108B7 /* MainMenu.xib */ = {
			isa = PBXVariantGroup;
			children = (
				25DC95471A780F85006108B7 /* Base */,
			);
			name = MainMenu.xib;
			sourceTree = "<group>";
		};
/* End PBXVariantGroup section */

/* Begin XCBuildConfiguration section */
		25DC95551A780F85006108B7 /* Debug */ = {
			isa = XCBuildConfiguration;
			buildSettings = {
				ALWAYS_SEARCH_USER_PATHS = NO;
				CLANG_CXX_LANGUAGE_STANDARD = "gnu++0x";
				CLANG_CXX_LIBRARY = "libc++";
				CLANG_ENABLE_MODULES = YES;
				CLANG_ENABLE_OBJC_ARC = YES;
				CLANG_WARN_BOOL_CONVERSION = YES;
				CLANG_WARN_CONSTANT_CONVERSION = YES;
				CLANG_WARN_DIRECT_OBJC_ISA_USAGE = YES_ERROR;
				CLANG_WARN_EMPTY_BODY = YES;
				CLANG_WARN_ENUM_CONVERSION = YES;
				CLANG_WARN_INT_CONVERSION = YES;
				CLANG_WARN_OBJC_ROOT_CLASS = YES_ERROR;
				CLANG_WARN_UNREACHABLE_CODE = YES;
				CLANG_WARN__DUPLICATE_METHOD_MATCH = YES;
				CODE_SIGN_IDENTITY = "-";
				COPY_PHASE_STRIP = NO;
				ENABLE_STRICT_OBJC_MSGSEND = YES;
				GCC_C_LANGUAGE_STANDARD = gnu99;
				GCC_DYNAMIC_NO_PIC = NO;
				GCC_OPTIMIZATION_LEVEL = 0;
				GCC_PREPROCESSOR_DEFINITIONS = (
					"DEBUG=1",
					"$(inherited)",
				);
				GCC_SYMBOLS_PRIVATE_EXTERN = NO;
				GCC_WARN_64_TO_32_BIT_CONVERSION = YES;
				GCC_WARN_ABOUT_RETURN_TYPE = YES_ERROR;
				GCC_WARN_UNDECLARED_SELECTOR = YES;
				GCC_WARN_UNINITIALIZED_AUTOS = YES_AGGRESSIVE;
				GCC_WARN_UNUSED_FUNCTION = YES;
				GCC_WARN_UNUSED_VARIABLE = YES;
				MACOSX_DEPLOYMENT_TARGET = 10.10;
				MTL_ENABLE_DEBUG_INFO = YES;
				ONLY_ACTIVE_ARCH = YES;
				SDKROOT = macosx;
			};
			name = Debug;
		};
		25DC95561A780F85006108B7 /* Release */ = {
			isa = XCBuildConfiguration;
			buildSettings = {
				ALWAYS_SEARCH_USER_PATHS = NO;
				CLANG_CXX_LANGUAGE_STANDARD = "gnu++0x";
				CLANG_CXX_LIBRARY = "libc++";
				CLANG_ENABLE_MODULES = YES;
				CLANG_ENABLE_OBJC_ARC = YES;
				CLANG_WARN_BOOL_CONVERSION = YES;
				CLANG_WARN_CONSTANT_CONVERSION = YES;
				CLANG_WARN_DIRECT_OBJC_ISA_USAGE = YES_ERROR;
				CLANG_WARN_EMPTY_BODY = YES;
				CLANG_WARN_ENUM_CONVERSION = YES;
				CLANG_WARN_INT_CONVERSION = YES;
				CLANG_WARN_OBJC_ROOT_CLASS = YES_ERROR;
				CLANG_WARN_UNREACHABLE_CODE = YES;
				CLANG_WARN__DUPLICATE_METHOD_MATCH = YES;
				CODE_SIGN_IDENTITY = "-";
				COPY_PHASE_STRIP = YES;
				DEBUG_INFORMATION_FORMAT = "dwarf-with-dsym";
				ENABLE_NS_ASSERTIONS = NO;
				ENABLE_STRICT_OBJC_MSGSEND = YES;
				GCC_C_LANGUAGE_STANDARD = gnu99;
				GCC_WARN_64_TO_32_BIT_CONVERSION = YES;
				GCC_WARN_ABOUT_RETURN_TYPE = YES_ERROR;
				GCC_WARN_UNDECLARED_SELECTOR = YES;
				GCC_WARN_UNINITIALIZED_AUTOS = YES_AGGRESSIVE;
				GCC_WARN_UNUSED_FUNCTION = YES;
				GCC_WARN_UNUSED_VARIABLE = YES;
				MACOSX_DEPLOYMENT_TARGET = 10.10;
				MTL_ENABLE_DEBUG_INFO = NO;
				SDKROOT = macosx;
			};
			name = Release;
		};
		25DC95581A780F85006108B7 /* Debug */ = {
			isa = XCBuildConfiguration;
			buildSettings = {
				ASSETCATALOG_COMPILER_APPICON_NAME = AppIcon;
				COMBINE_HIDPI_IMAGES = YES;
				INFOPLIST_FILE = "Import Attendees/Info.plist";
				LD_RUNPATH_SEARCH_PATHS = "$(inherited) @executable_path/../Frameworks";
				PRODUCT_NAME = "$(TARGET_NAME)";
			};
			name = Debug;
		};
		25DC95591A780F85006108B7 /* Release */ = {
			isa = XCBuildConfiguration;
			buildSettings = {
				ASSETCATALOG_COMPILER_APPICON_NAME = AppIcon;
				COMBINE_HIDPI_IMAGES = YES;
				INFOPLIST_FILE = "Import Attendees/Info.plist";
				LD_RUNPATH_SEARCH_PATHS = "$(inherited) @executable_path/../Frameworks";
				PRODUCT_NAME = "$(TARGET_NAME)";
			};
			name = Release;
		};
		25DC955B1A780F85006108B7 /* Debug */ = {
			isa = XCBuildConfiguration;
			buildSettings = {
				BUNDLE_LOADER = "$(TEST_HOST)";
				COMBINE_HIDPI_IMAGES = YES;
				FRAMEWORK_SEARCH_PATHS = (
					"$(DEVELOPER_FRAMEWORKS_DIR)",
					"$(inherited)",
				);
				GCC_PREPROCESSOR_DEFINITIONS = (
					"DEBUG=1",
					"$(inherited)",
				);
				INFOPLIST_FILE = "Import AttendeesTests/Info.plist";
				LD_RUNPATH_SEARCH_PATHS = "$(inherited) @executable_path/../Frameworks @loader_path/../Frameworks";
				PRODUCT_NAME = "$(TARGET_NAME)";
				TEST_HOST = "$(BUILT_PRODUCTS_DIR)/Import Attendees.app/Contents/MacOS/Import Attendees";
			};
			name = Debug;
		};
		25DC955C1A780F85006108B7 /* Release */ = {
			isa = XCBuildConfiguration;
			buildSettings = {
				BUNDLE_LOADER = "$(TEST_HOST)";
				COMBINE_HIDPI_IMAGES = YES;
				FRAMEWORK_SEARCH_PATHS = (
					"$(DEVELOPER_FRAMEWORKS_DIR)",
					"$(inherited)",
				);
				INFOPLIST_FILE = "Import AttendeesTests/Info.plist";
				LD_RUNPATH_SEARCH_PATHS = "$(inherited) @executable_path/../Frameworks @loader_path/../Frameworks";
				PRODUCT_NAME = "$(TARGET_NAME)";
				TEST_HOST = "$(BUILT_PRODUCTS_DIR)/Import Attendees.app/Contents/MacOS/Import Attendees";
			};
			name = Release;
		};
/* End XCBuildConfiguration section */

/* Begin XCConfigurationList section */
		25DC95351A780F85006108B7 /* Build configuration list for PBXProject "Import Attendees" */ = {
			isa = XCConfigurationList;
			buildConfigurations = (
				25DC95551A780F85006108B7 /* Debug */,
				25DC95561A780F85006108B7 /* Release */,
			);
			defaultConfigurationIsVisible = 0;
			defaultConfigurationName = Release;
		};
		25DC95571A780F85006108B7 /* Build configuration list for PBXNativeTarget "Import Attendees" */ = {
			isa = XCConfigurationList;
			buildConfigurations = (
				25DC95581A780F85006108B7 /* Debug */,
				25DC95591A780F85006108B7 /* Release */,
			);
			defaultConfigurationIsVisible = 0;
		};
		25DC955A1A780F85006108B7 /* Build configuration list for PBXNativeTarget "Import AttendeesTests" */ = {
			isa = XCConfigurationList;
			buildConfigurations = (
				25DC955B1A780F85006108B7 /* Debug */,
				25DC955C1A780F85006108B7 /* Release */,
			);
			defaultConfigurationIsVisible = 0;
		};
/* End XCConfigurationList section */
	};
	rootObject = 25DC95321A780F85006108B7 /* Project object */;
}
